// !$*UTF8*$!
{
	archiveVersion = 1;
	classes = {
	};
	objectVersion = 46;
	objects = {

/* Begin PBXBuildFile section */
		50BA1BB31C4B8FBB00EE1DAD /* main.m in Sources */ = {isa = PBXBuildFile; fileRef = 50BA1BB21C4B8FBB00EE1DAD /* main.m */; };
		50BA1BB61C4B8FBB00EE1DAD /* AppDelegate.m in Sources */ = {isa = PBXBuildFile; fileRef = 50BA1BB51C4B8FBB00EE1DAD /* AppDelegate.m */; };
		50BA1BB91C4B8FBB00EE1DAD /* ViewController.m in Sources */ = {isa = PBXBuildFile; fileRef = 50BA1BB81C4B8FBB00EE1DAD /* ViewController.m */; };
		50BA1BBE1C4B8FBB00EE1DAD /* Assets.xcassets in Resources */ = {isa = PBXBuildFile; fileRef = 50BA1BBD1C4B8FBB00EE1DAD /* Assets.xcassets */; };
		50BA1BC11C4B8FBB00EE1DAD /* LaunchScreen.storyboard in Resources */ = {isa = PBXBuildFile; fileRef = 50BA1BBF1C4B8FBB00EE1DAD /* LaunchScreen.storyboard */; };
		50BA1BCC1C4B903000EE1DAD /* ACAutoUnderlineTextField.m in Sources */ = {isa = PBXBuildFile; fileRef = 50BA1BCB1C4B903000EE1DAD /* ACAutoUnderlineTextField.m */; };
/* End PBXBuildFile section */

/* Begin PBXFileReference section */
		50BA1BAE1C4B8FBB00EE1DAD /* ACAutoUnderlineTextFieldExample.app */ = {isa = PBXFileReference; explicitFileType = wrapper.application; includeInIndex = 0; path = ACAutoUnderlineTextFieldExample.app; sourceTree = BUILT_PRODUCTS_DIR; };
		50BA1BB21C4B8FBB00EE1DAD /* main.m */ = {isa = PBXFileReference; lastKnownFileType = sourcecode.c.objc; path = main.m; sourceTree = "<group>"; };
		50BA1BB41C4B8FBB00EE1DAD /* AppDelegate.h */ = {isa = PBXFileReference; lastKnownFileType = sourcecode.c.h; path = AppDelegate.h; sourceTree = "<group>"; };
		50BA1BB51C4B8FBB00EE1DAD /* AppDelegate.m */ = {isa = PBXFileReference; lastKnownFileType = sourcecode.c.objc; path = AppDelegate.m; sourceTree = "<group>"; };
		50BA1BB71C4B8FBB00EE1DAD /* ViewController.h */ = {isa = PBXFileReference; lastKnownFileType = sourcecode.c.h; path = ViewController.h; sourceTree = "<group>"; };
		50BA1BB81C4B8FBB00EE1DAD /* ViewController.m */ = {isa = PBXFileReference; lastKnownFileType = sourcecode.c.objc; path = ViewController.m; sourceTree = "<group>"; };
		50BA1BBD1C4B8FBB00EE1DAD /* Assets.xcassets */ = {isa = PBXFileReference; lastKnownFileType = folder.assetcatalog; path = Assets.xcassets; sourceTree = "<group>"; };
		50BA1BC01C4B8FBB00EE1DAD /* Base */ = {isa = PBXFileReference; lastKnownFileType = file.storyboard; name = Base; path = Base.lproj/LaunchScreen.storyboard; sourceTree = "<group>"; };
		50BA1BC21C4B8FBB00EE1DAD /* Info.plist */ = {isa = PBXFileReference; lastKnownFileType = text.plist.xml; path = Info.plist; sourceTree = "<group>"; };
		50BA1BCA1C4B903000EE1DAD /* ACAutoUnderlineTextField.h */ = {isa = PBXFileReference; fileEncoding = 4; lastKnownFileType = sourcecode.c.h; path = ACAutoUnderlineTextField.h; sourceTree = "<group>"; };
		50BA1BCB1C4B903000EE1DAD /* ACAutoUnderlineTextField.m */ = {isa = PBXFileReference; fileEncoding = 4; lastKnownFileType = sourcecode.c.objc; path = ACAutoUnderlineTextField.m; sourceTree = "<group>"; };
/* End PBXFileReference section */

/* Begin PBXFrameworksBuildPhase section */
		50BA1BAB1C4B8FBB00EE1DAD /* Frameworks */ = {
			isa = PBXFrameworksBuildPhase;
			buildActionMask = 2147483647;
			files = (
			);
			runOnlyForDeploymentPostprocessing = 0;
		};
/* End PBXFrameworksBuildPhase section */

/* Begin PBXGroup section */
		50BA1BA51C4B8FBB00EE1DAD = {
			isa = PBXGroup;
			children = (
				50BA1BB01C4B8FBB00EE1DAD /* ACAutoUnderlineTextFieldExample */,
				50BA1BAF1C4B8FBB00EE1DAD /* Products */,
			);
			sourceTree = "<group>";
		};
		50BA1BAF1C4B8FBB00EE1DAD /* Products */ = {
			isa = PBXGroup;
			children = (
				50BA1BAE1C4B8FBB00EE1DAD /* ACAutoUnderlineTextFieldExample.app */,
			);
			name = Products;
			sourceTree = "<group>";
		};
		50BA1BB01C4B8FBB00EE1DAD /* ACAutoUnderlineTextFieldExample */ = {
			isa = PBXGroup;
			children = (
				50BA1BC81C4B900F00EE1DAD /* Vendor */,
				50BA1BB41C4B8FBB00EE1DAD /* AppDelegate.h */,
				50BA1BB51C4B8FBB00EE1DAD /* AppDelegate.m */,
				50BA1BB71C4B8FBB00EE1DAD /* ViewController.h */,
				50BA1BB81C4B8FBB00EE1DAD /* ViewController.m */,
				50BA1BBD1C4B8FBB00EE1DAD /* Assets.xcassets */,
				50BA1BBF1C4B8FBB00EE1DAD /* LaunchScreen.storyboard */,
				50BA1BC21C4B8FBB00EE1DAD /* Info.plist */,
				50BA1BB11C4B8FBB00EE1DAD /* Supporting Files */,
			);
			path = ACAutoUnderlineTextFieldExample;
			sourceTree = "<group>";
		};
		50BA1BB11C4B8FBB00EE1DAD /* Supporting Files */ = {
			isa = PBXGroup;
			children = (
				50BA1BB21C4B8FBB00EE1DAD /* main.m */,
			);
			name = "Supporting Files";
			sourceTree = "<group>";
		};
		50BA1BC81C4B900F00EE1DAD /* Vendor */ = {
			isa = PBXGroup;
			children = (
				50BA1BC91C4B901800EE1DAD /* ACAutoUnderlineTextField */,
			);
			name = Vendor;
			sourceTree = "<group>";
		};
		50BA1BC91C4B901800EE1DAD /* ACAutoUnderlineTextField */ = {
			isa = PBXGroup;
			children = (
				50BA1BCA1C4B903000EE1DAD /* ACAutoUnderlineTextField.h */,
				50BA1BCB1C4B903000EE1DAD /* ACAutoUnderlineTextField.m */,
			);
			name = ACAutoUnderlineTextField;
			path = ../../ACAutoUnderlineTextField;
			sourceTree = "<group>";
		};
/* End PBXGroup section */

/* Begin PBXNativeTarget section */
		50BA1BAD1C4B8FBB00EE1DAD /* ACAutoUnderlineTextFieldExample */ = {
			isa = PBXNativeTarget;
			buildConfigurationList = 50BA1BC51C4B8FBB00EE1DAD /* Build configuration list for PBXNativeTarget "ACAutoUnderlineTextFieldExample" */;
			buildPhases = (
				50BA1BAA1C4B8FBB00EE1DAD /* Sources */,
				50BA1BAB1C4B8FBB00EE1DAD /* Frameworks */,
				50BA1BAC1C4B8FBB00EE1DAD /* Resources */,
			);
			buildRules = (
			);
			dependencies = (
			);
			name = ACAutoUnderlineTextFieldExample;
			productName = ACAutoUnderlineTextFieldExample;
			productReference = 50BA1BAE1C4B8FBB00EE1DAD /* ACAutoUnderlineTextFieldExample.app */;
			productType = "com.apple.product-type.application";
		};
/* End PBXNativeTarget section */

/* Begin PBXProject section */
		50BA1BA61C4B8FBB00EE1DAD /* Project object */ = {
			isa = PBXProject;
			attributes = {
				LastUpgradeCheck = 0720;
				ORGANIZATIONNAME = ACSoft;
				TargetAttributes = {
					50BA1BAD1C4B8FBB00EE1DAD = {
						CreatedOnToolsVersion = 7.2;
					};
				};
			};
			buildConfigurationList = 50BA1BA91C4B8FBB00EE1DAD /* Build configuration list for PBXProject "ACAutoUnderlineTextFieldExample" */;
			compatibilityVersion = "Xcode 3.2";
			developmentRegion = English;
			hasScannedForEncodings = 0;
			knownRegions = (
				en,
				Base,
			);
			mainGroup = 50BA1BA51C4B8FBB00EE1DAD;
			productRefGroup = 50BA1BAF1C4B8FBB00EE1DAD /* Products */;
			projectDirPath = "";
			projectRoot = "";
			targets = (
				50BA1BAD1C4B8FBB00EE1DAD /* ACAutoUnderlineTextFieldExample */,
			);
		};
/* End PBXProject section */

/* Begin PBXResourcesBuildPhase section */
		50BA1BAC1C4B8FBB00EE1DAD /* Resources */ = {
			isa = PBXResourcesBuildPhase;
			buildActionMask = 2147483647;
			files = (
				50BA1BC11C4B8FBB00EE1DAD /* LaunchScreen.storyboard in Resources */,
				50BA1BBE1C4B8FBB00EE1DAD /* Assets.xcassets in Resources */,
			);
			runOnlyForDeploymentPostprocessing = 0;
		};
/* End PBXResourcesBuildPhase section */

/* Begin PBXSourcesBuildPhase section */
		50BA1BAA1C4B8FBB00EE1DAD /* Sources */ = {
			isa = PBXSourcesBuildPhase;
			buildActionMask = 2147483647;
			files = (
				50BA1BB91C4B8FBB00EE1DAD /* ViewController.m in Sources */,
				50BA1BCC1C4B903000EE1DAD /* ACAutoUnderlineTextField.m in Sources */,
				50BA1BB61C4B8FBB00EE1DAD /* AppDelegate.m in Sources */,
				50BA1BB31C4B8FBB00EE1DAD /* main.m in Sources */,
			);
			runOnlyForDeploymentPostprocessing = 0;
		};
/* End PBXSourcesBuildPhase section */

/* Begin PBXVariantGroup section */
		50BA1BBF1C4B8FBB00EE1DAD /* LaunchScreen.storyboard */ = {
			isa = PBXVariantGroup;
			children = (
				50BA1BC01C4B8FBB00EE1DAD /* Base */,
			);
			name = LaunchScreen.storyboard;
			sourceTree = "<group>";
		};
/* End PBXVariantGroup section */

/* Begin XCBuildConfiguration section */
		50BA1BC31C4B8FBB00EE1DAD /* Debug */ = {
			isa = XCBuildConfiguration;
			buildSettings = {
				ALWAYS_SEARCH_USER_PATHS = NO;
				CLANG_CXX_LANGUAGE_STANDARD = "gnu++0x";
				CLANG_CXX_LIBRARY = "libc++";
				CLANG_ENABLE_MODULES = YES;
				CLANG_ENABLE_OBJC_ARC = YES;
				CLANG_WARN_BOOL_CONVERSION = YES;
				CLANG_WARN_CONSTANT_CONVERSION = YES;
				CLANG_WARN_DIRECT_OBJC_ISA_USAGE = YES_ERROR;
				CLANG_WARN_EMPTY_BODY = YES;
				CLANG_WARN_ENUM_CONVERSION = YES;
				CLANG_WARN_INT_CONVERSION = YES;
				CLANG_WARN_OBJC_ROOT_CLASS = YES_ERROR;
				CLANG_WARN_UNREACHABLE_CODE = YES;
				CLANG_WARN__DUPLICATE_METHOD_MATCH = YES;
				"CODE_SIGN_IDENTITY[sdk=iphoneos*]" = "iPhone Developer";
				COPY_PHASE_STRIP = NO;
				DEBUG_INFORMATION_FORMAT = dwarf;
				ENABLE_STRICT_OBJC_MSGSEND = YES;
				ENABLE_TESTABILITY = YES;
				GCC_C_LANGUAGE_STANDARD = gnu99;
				GCC_DYNAMIC_NO_PIC = NO;
				GCC_NO_COMMON_BLOCKS = YES;
				GCC_OPTIMIZATION_LEVEL = 0;
				GCC_PREPROCESSOR_DEFINITIONS = (
					"DEBUG=1",
					"$(inherited)",
				);
				GCC_WARN_64_TO_32_BIT_CONVERSION = YES;
				GCC_WARN_ABOUT_RETURN_TYPE = YES_ERROR;
				GCC_WARN_UNDECLARED_SELECTOR = YES;
				GCC_WARN_UNINITIALIZED_AUTOS = YES_AGGRESSIVE;
				GCC_WARN_UNUSED_FUNCTION = YES;
				GCC_WARN_UNUSED_VARIABLE = YES;
				IPHONEOS_DEPLOYMENT_TARGET = 8.0;
				MTL_ENABLE_DEBUG_INFO = YES;
				ONLY_ACTIVE_ARCH = YES;
				SDKROOT = iphoneos;
			};
			name = Debug;
		};
		50BA1BC41C4B8FBB00EE1DAD /* Release */ = {
			isa = XCBuildConfiguration;
			buildSettings = {
				ALWAYS_SEARCH_USER_PATHS = NO;
				CLANG_CXX_LANGUAGE_STANDARD = "gnu++0x";
				CLANG_CXX_LIBRARY = "libc++";
				CLANG_ENABLE_MODULES = YES;
				CLANG_ENABLE_OBJC_ARC = YES;
				CLANG_WARN_BOOL_CONVERSION = YES;
				CLANG_WARN_CONSTANT_CONVERSION = YES;
				CLANG_WARN_DIRECT_OBJC_ISA_USAGE = YES_ERROR;
				CLANG_WARN_EMPTY_BODY = YES;
				CLANG_WARN_ENUM_CONVERSION = YES;
				CLANG_WARN_INT_CONVERSION = YES;
				CLANG_WARN_OBJC_ROOT_CLASS = YES_ERROR;
				CLANG_WARN_UNREACHABLE_CODE = YES;
				CLANG_WARN__DUPLICATE_METHOD_MATCH = YES;
				"CODE_SIGN_IDENTITY[sdk=iphoneos*]" = "iPhone Developer";
				COPY_PHASE_STRIP = NO;
				DEBUG_INFORMATION_FORMAT = "dwarf-with-dsym";
				ENABLE_NS_ASSERTIONS = NO;
				ENABLE_STRICT_OBJC_MSGSEND = YES;
				GCC_C_LANGUAGE_STANDARD = gnu99;
				GCC_NO_COMMON_BLOCKS = YES;
				GCC_WARN_64_TO_32_BIT_CONVERSION = YES;
				GCC_WARN_ABOUT_RETURN_TYPE = YES_ERROR;
				GCC_WARN_UNDECLARED_SELECTOR = YES;
				GCC_WARN_UNINITIALIZED_AUTOS = YES_AGGRESSIVE;
				GCC_WARN_UNUSED_FUNCTION = YES;
				GCC_WARN_UNUSED_VARIABLE = YES;
				IPHONEOS_DEPLOYMENT_TARGET = 8.0;
				MTL_ENABLE_DEBUG_INFO = NO;
				SDKROOT = iphoneos;
				VALIDATE_PRODUCT = YES;
			};
			name = Release;
		};
		50BA1BC61C4B8FBB00EE1DAD /* Debug */ = {
			isa = XCBuildConfiguration;
			buildSettings = {
				ASSETCATALOG_COMPILER_APPICON_NAME = AppIcon;
				INFOPLIST_FILE = ACAutoUnderlineTextFieldExample/Info.plist;
				IPHONEOS_DEPLOYMENT_TARGET = 8.0;
				LD_RUNPATH_SEARCH_PATHS = "$(inherited) @executable_path/Frameworks";
				PRODUCT_BUNDLE_IDENTIFIER = me.nscoder.ACAutoUnderlineTextFieldExample;
				PRODUCT_NAME = "$(TARGET_NAME)";
			};
			name = Debug;
		};
		50BA1BC71C4B8FBB00EE1DAD /* Release */ = {
			isa = XCBuildConfiguration;
			buildSettings = {
				ASSETCATALOG_COMPILER_APPICON_NAME = AppIcon;
				INFOPLIST_FILE = ACAutoUnderlineTextFieldExample/Info.plist;
				IPHONEOS_DEPLOYMENT_TARGET = 8.0;
				LD_RUNPATH_SEARCH_PATHS = "$(inherited) @executable_path/Frameworks";
				PRODUCT_BUNDLE_IDENTIFIER = me.nscoder.ACAutoUnderlineTextFieldExample;
				PRODUCT_NAME = "$(TARGET_NAME)";
			};
			name = Release;
		};
/* End XCBuildConfiguration section */

/* Begin XCConfigurationList section */
		50BA1BA91C4B8FBB00EE1DAD /* Build configuration list for PBXProject "ACAutoUnderlineTextFieldExample" */ = {
			isa = XCConfigurationList;
			buildConfigurations = (
				50BA1BC31C4B8FBB00EE1DAD /* Debug */,
				50BA1BC41C4B8FBB00EE1DAD /* Release */,
			);
			defaultConfigurationIsVisible = 0;
			defaultConfigurationName = Release;
		};
		50BA1BC51C4B8FBB00EE1DAD /* Build configuration list for PBXNativeTarget "ACAutoUnderlineTextFieldExample" */ = {
			isa = XCConfigurationList;
			buildConfigurations = (
				50BA1BC61C4B8FBB00EE1DAD /* Debug */,
				50BA1BC71C4B8FBB00EE1DAD /* Release */,
			);
			defaultConfigurationIsVisible = 0;
			defaultConfigurationName = Release;
		};
/* End XCConfigurationList section */
	};
	rootObject = 50BA1BA61C4B8FBB00EE1DAD /* Project object */;
}
